// !$*UTF8*$!
{
	archiveVersion = 1;
	classes = {
	};
	objectVersion = 50;
	objects = {

/* Begin PBXBuildFile section */
		5E3580A326259C5D00FA1FB1 /* AppDelegate.swift in Sources */ = {isa = PBXBuildFile; fileRef = 5E3580A226259C5D00FA1FB1 /* AppDelegate.swift */; };
		5E3580A526259C5D00FA1FB1 /* SceneDelegate.swift in Sources */ = {isa = PBXBuildFile; fileRef = 5E3580A426259C5D00FA1FB1 /* SceneDelegate.swift */; };
		5E3580AC26259C6100FA1FB1 /* Assets.xcassets in Resources */ = {isa = PBXBuildFile; fileRef = 5E3580AB26259C6100FA1FB1 /* Assets.xcassets */; };
		5E3580AF26259C6100FA1FB1 /* LaunchScreen.storyboard in Resources */ = {isa = PBXBuildFile; fileRef = 5E3580AD26259C6100FA1FB1 /* LaunchScreen.storyboard */; };
		5E3580BC2625A2DE00FA1FB1 /* UIColor+.swift in Sources */ = {isa = PBXBuildFile; fileRef = 5E3580BB2625A2DE00FA1FB1 /* UIColor+.swift */; };
		5E3580BF2625A2ED00FA1FB1 /* UIButton+.swift in Sources */ = {isa = PBXBuildFile; fileRef = 5E3580BE2625A2ED00FA1FB1 /* UIButton+.swift */; };
		5E3580C22625A2FD00FA1FB1 /* SetCard.swift in Sources */ = {isa = PBXBuildFile; fileRef = 5E3580C12625A2FD00FA1FB1 /* SetCard.swift */; };
		5E3580C52625A31D00FA1FB1 /* SetGame.swift in Sources */ = {isa = PBXBuildFile; fileRef = 5E3580C42625A31D00FA1FB1 /* SetGame.swift */; };
		5E3580C82625A3EF00FA1FB1 /* SetGameViewController.swift in Sources */ = {isa = PBXBuildFile; fileRef = 5E3580C72625A3EF00FA1FB1 /* SetGameViewController.swift */; };
		5E3580D12625B08800FA1FB1 /* Grid.swift in Sources */ = {isa = PBXBuildFile; fileRef = 5E3580D02625B08800FA1FB1 /* Grid.swift */; };
		5E3580DC2625D03600FA1FB1 /* CardContainerView.swift in Sources */ = {isa = PBXBuildFile; fileRef = 5E3580DB2625D03600FA1FB1 /* CardContainerView.swift */; };
		5E3580E02625DFF300FA1FB1 /* CardButton.swift in Sources */ = {isa = PBXBuildFile; fileRef = 5E3580DF2625DFF300FA1FB1 /* CardButton.swift */; };
		5E3580E92626F59C00FA1FB1 /* UIView+.swift in Sources */ = {isa = PBXBuildFile; fileRef = 5E3580E82626F59C00FA1FB1 /* UIView+.swift */; };
		5E5FC0822639B92E00F1EB5E /* CardPile.swift in Sources */ = {isa = PBXBuildFile; fileRef = 5E5FC0812639B92E00F1EB5E /* CardPile.swift */; };
		5E94232826297F7100888F7D /* SetGame.storyboard in Resources */ = {isa = PBXBuildFile; fileRef = 5E94232626297F7100888F7D /* SetGame.storyboard */; };
		5E94233F263180A700888F7D /* CardDynamicBehavior.swift in Sources */ = {isa = PBXBuildFile; fileRef = 5E94233E263180A700888F7D /* CardDynamicBehavior.swift */; };
		5E94234A2631B25C00888F7D /* CGFloat+.swift in Sources */ = {isa = PBXBuildFile; fileRef = 5E9423492631B25C00888F7D /* CGFloat+.swift */; };
		5EA021FF2632D93E005500A4 /* Int+.swift in Sources */ = {isa = PBXBuildFile; fileRef = 5EA021F32632D93E005500A4 /* Int+.swift */; };
		5EA022002632D93E005500A4 /* Collection+.swift in Sources */ = {isa = PBXBuildFile; fileRef = 5EA021F42632D93E005500A4 /* Collection+.swift */; };
		5EA022012632D93E005500A4 /* ConcentrationThemeChooserViewController.swift in Sources */ = {isa = PBXBuildFile; fileRef = 5EA021F62632D93E005500A4 /* ConcentrationThemeChooserViewController.swift */; };
		5EA022022632D93E005500A4 /* ConcentrationViewController.swift in Sources */ = {isa = PBXBuildFile; fileRef = 5EA021F72632D93E005500A4 /* ConcentrationViewController.swift */; };
		5EA022032632D93E005500A4 /* Concentration.swift in Sources */ = {isa = PBXBuildFile; fileRef = 5EA021F92632D93E005500A4 /* Concentration.swift */; };
		5EA022042632D93E005500A4 /* Card.swift in Sources */ = {isa = PBXBuildFile; fileRef = 5EA021FA2632D93E005500A4 /* Card.swift */; };
		5EA022052632D93E005500A4 /* Theme.swift in Sources */ = {isa = PBXBuildFile; fileRef = 5EA021FB2632D93E005500A4 /* Theme.swift */; };
		5EA022062632D93E005500A4 /* Main.storyboard in Resources */ = {isa = PBXBuildFile; fileRef = 5EA021FD2632D93E005500A4 /* Main.storyboard */; };
		5EA62C4626285F1C00BEB13F /* CardButton+.swift in Sources */ = {isa = PBXBuildFile; fileRef = 5EA62C4526285F1C00BEB13F /* CardButton+.swift */; };
		5EA62C4926285F3F00BEB13F /* CardSymbol.swift in Sources */ = {isa = PBXBuildFile; fileRef = 5EA62C4826285F3F00BEB13F /* CardSymbol.swift */; };
		5EA62C4C26285F8500BEB13F /* OvalSymbol.swift in Sources */ = {isa = PBXBuildFile; fileRef = 5EA62C4B26285F8500BEB13F /* OvalSymbol.swift */; };
		5EA62C4F2628610600BEB13F /* SquiggleSymbol.swift in Sources */ = {isa = PBXBuildFile; fileRef = 5EA62C4E2628610600BEB13F /* SquiggleSymbol.swift */; };
		5EA62C522628618D00BEB13F /* DiamondSymbol.swift in Sources */ = {isa = PBXBuildFile; fileRef = 5EA62C512628618D00BEB13F /* DiamondSymbol.swift */; };
/* End PBXBuildFile section */

/* Begin PBXFileReference section */
		5E35809F26259C5D00FA1FB1 /* GraphicalSet.app */ = {isa = PBXFileReference; explicitFileType = wrapper.application; includeInIndex = 0; path = GraphicalSet.app; sourceTree = BUILT_PRODUCTS_DIR; };
		5E3580A226259C5D00FA1FB1 /* AppDelegate.swift */ = {isa = PBXFileReference; lastKnownFileType = sourcecode.swift; path = AppDelegate.swift; sourceTree = "<group>"; };
		5E3580A426259C5D00FA1FB1 /* SceneDelegate.swift */ = {isa = PBXFileReference; lastKnownFileType = sourcecode.swift; path = SceneDelegate.swift; sourceTree = "<group>"; };
		5E3580AB26259C6100FA1FB1 /* Assets.xcassets */ = {isa = PBXFileReference; lastKnownFileType = folder.assetcatalog; path = Assets.xcassets; sourceTree = "<group>"; };
		5E3580AE26259C6100FA1FB1 /* Base */ = {isa = PBXFileReference; lastKnownFileType = file.storyboard; name = Base; path = Base.lproj/LaunchScreen.storyboard; sourceTree = "<group>"; };
		5E3580B026259C6100FA1FB1 /* Info.plist */ = {isa = PBXFileReference; lastKnownFileType = text.plist.xml; path = Info.plist; sourceTree = "<group>"; };
		5E3580BB2625A2DE00FA1FB1 /* UIColor+.swift */ = {isa = PBXFileReference; lastKnownFileType = sourcecode.swift; path = "UIColor+.swift"; sourceTree = "<group>"; };
		5E3580BE2625A2ED00FA1FB1 /* UIButton+.swift */ = {isa = PBXFileReference; lastKnownFileType = sourcecode.swift; path = "UIButton+.swift"; sourceTree = "<group>"; };
		5E3580C12625A2FD00FA1FB1 /* SetCard.swift */ = {isa = PBXFileReference; lastKnownFileType = sourcecode.swift; path = SetCard.swift; sourceTree = "<group>"; };
		5E3580C42625A31D00FA1FB1 /* SetGame.swift */ = {isa = PBXFileReference; lastKnownFileType = sourcecode.swift; path = SetGame.swift; sourceTree = "<group>"; };
		5E3580C72625A3EF00FA1FB1 /* SetGameViewController.swift */ = {isa = PBXFileReference; lastKnownFileType = sourcecode.swift; path = SetGameViewController.swift; sourceTree = "<group>"; };
		5E3580D02625B08800FA1FB1 /* Grid.swift */ = {isa = PBXFileReference; lastKnownFileType = sourcecode.swift; path = Grid.swift; sourceTree = "<group>"; };
		5E3580DB2625D03600FA1FB1 /* CardContainerView.swift */ = {isa = PBXFileReference; lastKnownFileType = sourcecode.swift; path = CardContainerView.swift; sourceTree = "<group>"; };
		5E3580DF2625DFF300FA1FB1 /* CardButton.swift */ = {isa = PBXFileReference; lastKnownFileType = sourcecode.swift; path = CardButton.swift; sourceTree = "<group>"; };
		5E3580E82626F59C00FA1FB1 /* UIView+.swift */ = {isa = PBXFileReference; lastKnownFileType = sourcecode.swift; path = "UIView+.swift"; sourceTree = "<group>"; };
		5E5FC0812639B92E00F1EB5E /* CardPile.swift */ = {isa = PBXFileReference; lastKnownFileType = sourcecode.swift; path = CardPile.swift; sourceTree = "<group>"; };
		5E94232726297F7100888F7D /* Base */ = {isa = PBXFileReference; lastKnownFileType = file.storyboard; name = Base; path = Base.lproj/SetGame.storyboard; sourceTree = "<group>"; };
		5E94233E263180A700888F7D /* CardDynamicBehavior.swift */ = {isa = PBXFileReference; lastKnownFileType = sourcecode.swift; path = CardDynamicBehavior.swift; sourceTree = "<group>"; };
		5E9423492631B25C00888F7D /* CGFloat+.swift */ = {isa = PBXFileReference; lastKnownFileType = sourcecode.swift; path = "CGFloat+.swift"; sourceTree = "<group>"; };
		5EA021F32632D93E005500A4 /* Int+.swift */ = {isa = PBXFileReference; fileEncoding = 4; lastKnownFileType = sourcecode.swift; path = "Int+.swift"; sourceTree = "<group>"; };
		5EA021F42632D93E005500A4 /* Collection+.swift */ = {isa = PBXFileReference; fileEncoding = 4; lastKnownFileType = sourcecode.swift; path = "Collection+.swift"; sourceTree = "<group>"; };
		5EA021F62632D93E005500A4 /* ConcentrationThemeChooserViewController.swift */ = {isa = PBXFileReference; fileEncoding = 4; lastKnownFileType = sourcecode.swift; path = ConcentrationThemeChooserViewController.swift; sourceTree = "<group>"; };
		5EA021F72632D93E005500A4 /* ConcentrationViewController.swift */ = {isa = PBXFileReference; fileEncoding = 4; lastKnownFileType = sourcecode.swift; path = ConcentrationViewController.swift; sourceTree = "<group>"; };
		5EA021F92632D93E005500A4 /* Concentration.swift */ = {isa = PBXFileReference; fileEncoding = 4; lastKnownFileType = sourcecode.swift; path = Concentration.swift; sourceTree = "<group>"; };
		5EA021FA2632D93E005500A4 /* Card.swift */ = {isa = PBXFileReference; fileEncoding = 4; lastKnownFileType = sourcecode.swift; path = Card.swift; sourceTree = "<group>"; };
		5EA021FB2632D93E005500A4 /* Theme.swift */ = {isa = PBXFileReference; fileEncoding = 4; lastKnownFileType = sourcecode.swift; path = Theme.swift; sourceTree = "<group>"; };
		5EA021FE2632D93E005500A4 /* Base */ = {isa = PBXFileReference; lastKnownFileType = file.storyboard; name = Base; path = Main.storyboard; sourceTree = "<group>"; };
		5EA62C4526285F1C00BEB13F /* CardButton+.swift */ = {isa = PBXFileReference; lastKnownFileType = sourcecode.swift; path = "CardButton+.swift"; sourceTree = "<group>"; };
		5EA62C4826285F3F00BEB13F /* CardSymbol.swift */ = {isa = PBXFileReference; lastKnownFileType = sourcecode.swift; path = CardSymbol.swift; sourceTree = "<group>"; };
		5EA62C4B26285F8500BEB13F /* OvalSymbol.swift */ = {isa = PBXFileReference; lastKnownFileType = sourcecode.swift; path = OvalSymbol.swift; sourceTree = "<group>"; };
		5EA62C4E2628610600BEB13F /* SquiggleSymbol.swift */ = {isa = PBXFileReference; lastKnownFileType = sourcecode.swift; path = SquiggleSymbol.swift; sourceTree = "<group>"; };
		5EA62C512628618D00BEB13F /* DiamondSymbol.swift */ = {isa = PBXFileReference; lastKnownFileType = sourcecode.swift; path = DiamondSymbol.swift; sourceTree = "<group>"; };
/* End PBXFileReference section */

/* Begin PBXFrameworksBuildPhase section */
		5E35809C26259C5D00FA1FB1 /* Frameworks */ = {
			isa = PBXFrameworksBuildPhase;
			buildActionMask = 2147483647;
			files = (
			);
			runOnlyForDeploymentPostprocessing = 0;
		};
/* End PBXFrameworksBuildPhase section */

/* Begin PBXGroup section */
		5E35809626259C5D00FA1FB1 = {
			isa = PBXGroup;
			children = (
				5E3580A126259C5D00FA1FB1 /* GraphicalSet */,
				5E3580A026259C5D00FA1FB1 /* Products */,
			);
			sourceTree = "<group>";
		};
		5E3580A026259C5D00FA1FB1 /* Products */ = {
			isa = PBXGroup;
			children = (
				5E35809F26259C5D00FA1FB1 /* GraphicalSet.app */,
			);
			name = Products;
			sourceTree = "<group>";
		};
		5E3580A126259C5D00FA1FB1 /* GraphicalSet */ = {
			isa = PBXGroup;
			children = (
				5EA021F12632D92D005500A4 /* Concentration */,
				5E3580D92625BC3300FA1FB1 /* Utils */,
				5E3580D82625BC0B00FA1FB1 /* Models */,
				5E3580D72625BBFB00FA1FB1 /* Views */,
				5E3580D62625BBF200FA1FB1 /* Controllers */,
				5E3580B82625A07900FA1FB1 /* Extensions */,
				5E3580B72625A05C00FA1FB1 /* Supporting Files */,
				5E3580A426259C5D00FA1FB1 /* SceneDelegate.swift */,
				5E94232626297F7100888F7D /* SetGame.storyboard */,
				5E3580B026259C6100FA1FB1 /* Info.plist */,
			);
			path = GraphicalSet;
			sourceTree = "<group>";
		};
		5E3580B72625A05C00FA1FB1 /* Supporting Files */ = {
			isa = PBXGroup;
			children = (
				5E3580AD26259C6100FA1FB1 /* LaunchScreen.storyboard */,
				5E3580AB26259C6100FA1FB1 /* Assets.xcassets */,
				5E3580A226259C5D00FA1FB1 /* AppDelegate.swift */,
			);
			path = "Supporting Files";
			sourceTree = "<group>";
		};
		5E3580B82625A07900FA1FB1 /* Extensions */ = {
			isa = PBXGroup;
			children = (
				5E3580BB2625A2DE00FA1FB1 /* UIColor+.swift */,
				5E3580BE2625A2ED00FA1FB1 /* UIButton+.swift */,
				5E3580E82626F59C00FA1FB1 /* UIView+.swift */,
				5EA62C4526285F1C00BEB13F /* CardButton+.swift */,
				5E9423492631B25C00888F7D /* CGFloat+.swift */,
			);
			path = Extensions;
			sourceTree = "<group>";
		};
		5E3580D62625BBF200FA1FB1 /* Controllers */ = {
			isa = PBXGroup;
			children = (
				5E3580C72625A3EF00FA1FB1 /* SetGameViewController.swift */,
			);
			path = Controllers;
			sourceTree = "<group>";
		};
		5E3580D72625BBFB00FA1FB1 /* Views */ = {
			isa = PBXGroup;
			children = (
				5E3580DB2625D03600FA1FB1 /* CardContainerView.swift */,
				5E3580DF2625DFF300FA1FB1 /* CardButton.swift */,
			);
			path = Views;
			sourceTree = "<group>";
		};
		5E3580D82625BC0B00FA1FB1 /* Models */ = {
			isa = PBXGroup;
			children = (
				5E3580C42625A31D00FA1FB1 /* SetGame.swift */,
				5E3580C12625A2FD00FA1FB1 /* SetCard.swift */,
				5EA62C4826285F3F00BEB13F /* CardSymbol.swift */,
				5EA62C4B26285F8500BEB13F /* OvalSymbol.swift */,
				5EA62C4E2628610600BEB13F /* SquiggleSymbol.swift */,
				5EA62C512628618D00BEB13F /* DiamondSymbol.swift */,
			);
			path = Models;
			sourceTree = "<group>";
		};
		5E3580D92625BC3300FA1FB1 /* Utils */ = {
			isa = PBXGroup;
			children = (
				5E3580D02625B08800FA1FB1 /* Grid.swift */,
				5E94233E263180A700888F7D /* CardDynamicBehavior.swift */,
				5E5FC0812639B92E00F1EB5E /* CardPile.swift */,
			);
			path = Utils;
			sourceTree = "<group>";
		};
		5EA021F12632D92D005500A4 /* Concentration */ = {
			isa = PBXGroup;
			children = (
				5EA021FC2632D93E005500A4 /* Base.lproj */,
				5EA021F52632D93E005500A4 /* Controllers */,
				5EA021F22632D93E005500A4 /* Extensions */,
				5EA021F82632D93E005500A4 /* Models */,
			);
			path = Concentration;
			sourceTree = "<group>";
		};
		5EA021F22632D93E005500A4 /* Extensions */ = {
			isa = PBXGroup;
			children = (
				5EA021F32632D93E005500A4 /* Int+.swift */,
				5EA021F42632D93E005500A4 /* Collection+.swift */,
			);
			path = Extensions;
			sourceTree = "<group>";
		};
		5EA021F52632D93E005500A4 /* Controllers */ = {
			isa = PBXGroup;
			children = (
				5EA021F62632D93E005500A4 /* ConcentrationThemeChooserViewController.swift */,
				5EA021F72632D93E005500A4 /* ConcentrationViewController.swift */,
			);
			path = Controllers;
			sourceTree = "<group>";
		};
		5EA021F82632D93E005500A4 /* Models */ = {
			isa = PBXGroup;
			children = (
				5EA021F92632D93E005500A4 /* Concentration.swift */,
				5EA021FA2632D93E005500A4 /* Card.swift */,
				5EA021FB2632D93E005500A4 /* Theme.swift */,
			);
			path = Models;
			sourceTree = "<group>";
		};
		5EA021FC2632D93E005500A4 /* Base.lproj */ = {
			isa = PBXGroup;
			children = (
				5EA021FD2632D93E005500A4 /* Main.storyboard */,
			);
			path = Base.lproj;
			sourceTree = "<group>";
		};
/* End PBXGroup section */

/* Begin PBXNativeTarget section */
		5E35809E26259C5D00FA1FB1 /* GraphicalSet */ = {
			isa = PBXNativeTarget;
			buildConfigurationList = 5E3580B326259C6100FA1FB1 /* Build configuration list for PBXNativeTarget "GraphicalSet" */;
			buildPhases = (
				5E35809B26259C5D00FA1FB1 /* Sources */,
				5E35809C26259C5D00FA1FB1 /* Frameworks */,
				5E35809D26259C5D00FA1FB1 /* Resources */,
			);
			buildRules = (
			);
			dependencies = (
			);
			name = GraphicalSet;
			productName = GraphicalSet;
			productReference = 5E35809F26259C5D00FA1FB1 /* GraphicalSet.app */;
			productType = "com.apple.product-type.application";
		};
/* End PBXNativeTarget section */

/* Begin PBXProject section */
		5E35809726259C5D00FA1FB1 /* Project object */ = {
			isa = PBXProject;
			attributes = {
				LastSwiftUpdateCheck = 1240;
				LastUpgradeCheck = 1240;
				TargetAttributes = {
					5E35809E26259C5D00FA1FB1 = {
						CreatedOnToolsVersion = 12.4;
					};
				};
			};
			buildConfigurationList = 5E35809A26259C5D00FA1FB1 /* Build configuration list for PBXProject "GraphicalSet" */;
			compatibilityVersion = "Xcode 9.3";
			developmentRegion = en;
			hasScannedForEncodings = 0;
			knownRegions = (
				en,
				Base,
			);
			mainGroup = 5E35809626259C5D00FA1FB1;
			productRefGroup = 5E3580A026259C5D00FA1FB1 /* Products */;
			projectDirPath = "";
			projectRoot = "";
			targets = (
				5E35809E26259C5D00FA1FB1 /* GraphicalSet */,
			);
		};
/* End PBXProject section */

/* Begin PBXResourcesBuildPhase section */
		5E35809D26259C5D00FA1FB1 /* Resources */ = {
			isa = PBXResourcesBuildPhase;
			buildActionMask = 2147483647;
			files = (
				5E3580AF26259C6100FA1FB1 /* LaunchScreen.storyboard in Resources */,
				5E3580AC26259C6100FA1FB1 /* Assets.xcassets in Resources */,
				5E94232826297F7100888F7D /* SetGame.storyboard in Resources */,
				5EA022062632D93E005500A4 /* Main.storyboard in Resources */,
			);
			runOnlyForDeploymentPostprocessing = 0;
		};
/* End PBXResourcesBuildPhase section */

/* Begin PBXSourcesBuildPhase section */
		5E35809B26259C5D00FA1FB1 /* Sources */ = {
			isa = PBXSourcesBuildPhase;
			buildActionMask = 2147483647;
			files = (
				5EA62C522628618D00BEB13F /* DiamondSymbol.swift in Sources */,
				5EA62C4F2628610600BEB13F /* SquiggleSymbol.swift in Sources */,
				5E3580E92626F59C00FA1FB1 /* UIView+.swift in Sources */,
				5EA62C4926285F3F00BEB13F /* CardSymbol.swift in Sources */,
				5EA022032632D93E005500A4 /* Concentration.swift in Sources */,
				5E94234A2631B25C00888F7D /* CGFloat+.swift in Sources */,
				5EA62C4626285F1C00BEB13F /* CardButton+.swift in Sources */,
				5EA022042632D93E005500A4 /* Card.swift in Sources */,
				5E3580C22625A2FD00FA1FB1 /* SetCard.swift in Sources */,
				5E3580DC2625D03600FA1FB1 /* CardContainerView.swift in Sources */,
				5E3580BC2625A2DE00FA1FB1 /* UIColor+.swift in Sources */,
				5E3580C82625A3EF00FA1FB1 /* SetGameViewController.swift in Sources */,
				5EA022052632D93E005500A4 /* Theme.swift in Sources */,
				5E5FC0822639B92E00F1EB5E /* CardPile.swift in Sources */,
				5EA021FF2632D93E005500A4 /* Int+.swift in Sources */,
				5EA022002632D93E005500A4 /* Collection+.swift in Sources */,
				5E3580D12625B08800FA1FB1 /* Grid.swift in Sources */,
				5E3580A326259C5D00FA1FB1 /* AppDelegate.swift in Sources */,
				5EA62C4C26285F8500BEB13F /* OvalSymbol.swift in Sources */,
				5E3580E02625DFF300FA1FB1 /* CardButton.swift in Sources */,
				5EA022012632D93E005500A4 /* ConcentrationThemeChooserViewController.swift in Sources */,
				5E3580A526259C5D00FA1FB1 /* SceneDelegate.swift in Sources */,
				5EA022022632D93E005500A4 /* ConcentrationViewController.swift in Sources */,
				5E3580BF2625A2ED00FA1FB1 /* UIButton+.swift in Sources */,
				5E3580C52625A31D00FA1FB1 /* SetGame.swift in Sources */,
				5E94233F263180A700888F7D /* CardDynamicBehavior.swift in Sources */,
			);
			runOnlyForDeploymentPostprocessing = 0;
		};
/* End PBXSourcesBuildPhase section */

/* Begin PBXVariantGroup section */
		5E3580AD26259C6100FA1FB1 /* LaunchScreen.storyboard */ = {
			isa = PBXVariantGroup;
			children = (
				5E3580AE26259C6100FA1FB1 /* Base */,
			);
			name = LaunchScreen.storyboard;
			sourceTree = "<group>";
		};
		5E94232626297F7100888F7D /* SetGame.storyboard */ = {
			isa = PBXVariantGroup;
			children = (
				5E94232726297F7100888F7D /* Base */,
			);
			name = SetGame.storyboard;
			sourceTree = "<group>";
		};
		5EA021FD2632D93E005500A4 /* Main.storyboard */ = {
			isa = PBXVariantGroup;
			children = (
				5EA021FE2632D93E005500A4 /* Base */,
			);
			name = Main.storyboard;
			sourceTree = "<group>";
		};
/* End PBXVariantGroup section */

/* Begin XCBuildConfiguration section */
		5E3580B126259C6100FA1FB1 /* Debug */ = {
			isa = XCBuildConfiguration;
			buildSettings = {
				ALWAYS_SEARCH_USER_PATHS = NO;
				CLANG_ANALYZER_NONNULL = YES;
				CLANG_ANALYZER_NUMBER_OBJECT_CONVERSION = YES_AGGRESSIVE;
				CLANG_CXX_LANGUAGE_STANDARD = "gnu++14";
				CLANG_CXX_LIBRARY = "libc++";
				CLANG_ENABLE_MODULES = YES;
				CLANG_ENABLE_OBJC_ARC = YES;
				CLANG_ENABLE_OBJC_WEAK = YES;
				CLANG_WARN_BLOCK_CAPTURE_AUTORELEASING = YES;
				CLANG_WARN_BOOL_CONVERSION = YES;
				CLANG_WARN_COMMA = YES;
				CLANG_WARN_CONSTANT_CONVERSION = YES;
				CLANG_WARN_DEPRECATED_OBJC_IMPLEMENTATIONS = YES;
				CLANG_WARN_DIRECT_OBJC_ISA_USAGE = YES_ERROR;
				CLANG_WARN_DOCUMENTATION_COMMENTS = YES;
				CLANG_WARN_EMPTY_BODY = YES;
				CLANG_WARN_ENUM_CONVERSION = YES;
				CLANG_WARN_INFINITE_RECURSION = YES;
				CLANG_WARN_INT_CONVERSION = YES;
				CLANG_WARN_NON_LITERAL_NULL_CONVERSION = YES;
				CLANG_WARN_OBJC_IMPLICIT_RETAIN_SELF = YES;
				CLANG_WARN_OBJC_LITERAL_CONVERSION = YES;
				CLANG_WARN_OBJC_ROOT_CLASS = YES_ERROR;
				CLANG_WARN_QUOTED_INCLUDE_IN_FRAMEWORK_HEADER = YES;
				CLANG_WARN_RANGE_LOOP_ANALYSIS = YES;
				CLANG_WARN_STRICT_PROTOTYPES = YES;
				CLANG_WARN_SUSPICIOUS_MOVE = YES;
				CLANG_WARN_UNGUARDED_AVAILABILITY = YES_AGGRESSIVE;
				CLANG_WARN_UNREACHABLE_CODE = YES;
				CLANG_WARN__DUPLICATE_METHOD_MATCH = YES;
				COPY_PHASE_STRIP = NO;
				DEBUG_INFORMATION_FORMAT = dwarf;
				ENABLE_STRICT_OBJC_MSGSEND = YES;
				ENABLE_TESTABILITY = YES;
				GCC_C_LANGUAGE_STANDARD = gnu11;
				GCC_DYNAMIC_NO_PIC = NO;
				GCC_NO_COMMON_BLOCKS = YES;
				GCC_OPTIMIZATION_LEVEL = 0;
				GCC_PREPROCESSOR_DEFINITIONS = (
					"DEBUG=1",
					"$(inherited)",
				);
				GCC_WARN_64_TO_32_BIT_CONVERSION = YES;
				GCC_WARN_ABOUT_RETURN_TYPE = YES_ERROR;
				GCC_WARN_UNDECLARED_SELECTOR = YES;
				GCC_WARN_UNINITIALIZED_AUTOS = YES_AGGRESSIVE;
				GCC_WARN_UNUSED_FUNCTION = YES;
				GCC_WARN_UNUSED_VARIABLE = YES;
				IPHONEOS_DEPLOYMENT_TARGET = 14.4;
				MTL_ENABLE_DEBUG_INFO = INCLUDE_SOURCE;
				MTL_FAST_MATH = YES;
				ONLY_ACTIVE_ARCH = YES;
				SDKROOT = iphoneos;
				SWIFT_ACTIVE_COMPILATION_CONDITIONS = DEBUG;
				SWIFT_OPTIMIZATION_LEVEL = "-Onone";
			};
			name = Debug;
		};
		5E3580B226259C6100FA1FB1 /* Release */ = {
			isa = XCBuildConfiguration;
			buildSettings = {
				ALWAYS_SEARCH_USER_PATHS = NO;
				CLANG_ANALYZER_NONNULL = YES;
				CLANG_ANALYZER_NUMBER_OBJECT_CONVERSION = YES_AGGRESSIVE;
				CLANG_CXX_LANGUAGE_STANDARD = "gnu++14";
				CLANG_CXX_LIBRARY = "libc++";
				CLANG_ENABLE_MODULES = YES;
				CLANG_ENABLE_OBJC_ARC = YES;
				CLANG_ENABLE_OBJC_WEAK = YES;
				CLANG_WARN_BLOCK_CAPTURE_AUTORELEASING = YES;
				CLANG_WARN_BOOL_CONVERSION = YES;
				CLANG_WARN_COMMA = YES;
				CLANG_WARN_CONSTANT_CONVERSION = YES;
				CLANG_WARN_DEPRECATED_OBJC_IMPLEMENTATIONS = YES;
				CLANG_WARN_DIRECT_OBJC_ISA_USAGE = YES_ERROR;
				CLANG_WARN_DOCUMENTATION_COMMENTS = YES;
				CLANG_WARN_EMPTY_BODY = YES;
				CLANG_WARN_ENUM_CONVERSION = YES;
				CLANG_WARN_INFINITE_RECURSION = YES;
				CLANG_WARN_INT_CONVERSION = YES;
				CLANG_WARN_NON_LITERAL_NULL_CONVERSION = YES;
				CLANG_WARN_OBJC_IMPLICIT_RETAIN_SELF = YES;
				CLANG_WARN_OBJC_LITERAL_CONVERSION = YES;
				CLANG_WARN_OBJC_ROOT_CLASS = YES_ERROR;
				CLANG_WARN_QUOTED_INCLUDE_IN_FRAMEWORK_HEADER = YES;
				CLANG_WARN_RANGE_LOOP_ANALYSIS = YES;
				CLANG_WARN_STRICT_PROTOTYPES = YES;
				CLANG_WARN_SUSPICIOUS_MOVE = YES;
				CLANG_WARN_UNGUARDED_AVAILABILITY = YES_AGGRESSIVE;
				CLANG_WARN_UNREACHABLE_CODE = YES;
				CLANG_WARN__DUPLICATE_METHOD_MATCH = YES;
				COPY_PHASE_STRIP = NO;
				DEBUG_INFORMATION_FORMAT = "dwarf-with-dsym";
				ENABLE_NS_ASSERTIONS = NO;
				ENABLE_STRICT_OBJC_MSGSEND = YES;
				GCC_C_LANGUAGE_STANDARD = gnu11;
				GCC_NO_COMMON_BLOCKS = YES;
				GCC_WARN_64_TO_32_BIT_CONVERSION = YES;
				GCC_WARN_ABOUT_RETURN_TYPE = YES_ERROR;
				GCC_WARN_UNDECLARED_SELECTOR = YES;
				GCC_WARN_UNINITIALIZED_AUTOS = YES_AGGRESSIVE;
				GCC_WARN_UNUSED_FUNCTION = YES;
				GCC_WARN_UNUSED_VARIABLE = YES;
				IPHONEOS_DEPLOYMENT_TARGET = 14.4;
				MTL_ENABLE_DEBUG_INFO = NO;
				MTL_FAST_MATH = YES;
				SDKROOT = iphoneos;
				SWIFT_COMPILATION_MODE = wholemodule;
				SWIFT_OPTIMIZATION_LEVEL = "-O";
				VALIDATE_PRODUCT = YES;
			};
			name = Release;
		};
		5E3580B426259C6100FA1FB1 /* Debug */ = {
			isa = XCBuildConfiguration;
			buildSettings = {
				ASSETCATALOG_COMPILER_APPICON_NAME = AppIcon;
				ASSETCATALOG_COMPILER_GLOBAL_ACCENT_COLOR_NAME = AccentColor;
				CODE_SIGN_STYLE = Automatic;
				INFOPLIST_FILE = GraphicalSet/Info.plist;
				LD_RUNPATH_SEARCH_PATHS = (
					"$(inherited)",
					"@executable_path/Frameworks",
				);
				PRODUCT_BUNDLE_IDENTIFIER = com.x2.firstgame.GraphicalSet;
				PRODUCT_NAME = "$(TARGET_NAME)";
				SWIFT_VERSION = 5.0;
				TARGETED_DEVICE_FAMILY = "1,2";
			};
			name = Debug;
		};
		5E3580B526259C6100FA1FB1 /* Release */ = {
			isa = XCBuildConfiguration;
			buildSettings = {
				ASSETCATALOG_COMPILER_APPICON_NAME = AppIcon;
				ASSETCATALOG_COMPILER_GLOBAL_ACCENT_COLOR_NAME = AccentColor;
				CODE_SIGN_STYLE = Automatic;
				INFOPLIST_FILE = GraphicalSet/Info.plist;
				LD_RUNPATH_SEARCH_PATHS = (
					"$(inherited)",
					"@executable_path/Frameworks",
				);
				PRODUCT_BUNDLE_IDENTIFIER = com.x2.firstgame.GraphicalSet;
				PRODUCT_NAME = "$(TARGET_NAME)";
				SWIFT_VERSION = 5.0;
				TARGETED_DEVICE_FAMILY = "1,2";
			};
			name = Release;
		};
/* End XCBuildConfiguration section */

/* Begin XCConfigurationList section */
		5E35809A26259C5D00FA1FB1 /* Build configuration list for PBXProject "GraphicalSet" */ = {
			isa = XCConfigurationList;
			buildConfigurations = (
				5E3580B126259C6100FA1FB1 /* Debug */,
				5E3580B226259C6100FA1FB1 /* Release */,
			);
			defaultConfigurationIsVisible = 0;
			defaultConfigurationName = Release;
		};
		5E3580B326259C6100FA1FB1 /* Build configuration list for PBXNativeTarget "GraphicalSet" */ = {
			isa = XCConfigurationList;
			buildConfigurations = (
				5E3580B426259C6100FA1FB1 /* Debug */,
				5E3580B526259C6100FA1FB1 /* Release */,
			);
			defaultConfigurationIsVisible = 0;
			defaultConfigurationName = Release;
		};
/* End XCConfigurationList section */
	};
	rootObject = 5E35809726259C5D00FA1FB1 /* Project object */;
}
